
Microsoft Visual Studio Solution File, Format Version 12.00
# Visual Studio Version 17
VisualStudioVersion = 17.4.33205.214
MinimumVisualStudioVersion = 10.0.40219.1
Project("{FAE04EC0-301F-11D3-BF4B-00C04F79EFBC}") = "Kanaban501app", "Kanaban501app\Kanaban501app.csproj", "{F88B874F-DD61-4CA6-AE36-A55CD3596D85}"
EndProject
Global
	GlobalSection(SolutionConfigurationPlatforms) = preSolution
		Debug|Any CPU = Debug|Any CPU
		Release|Any CPU = Release|Any CPU
	EndGlobalSection
	GlobalSection(ProjectConfigurationPlatforms) = postSolution
		{F88B874F-DD61-4CA6-AE36-A55CD3596D85}.Debug|Any CPU.ActiveCfg = Debug|Any CPU
		{F88B874F-DD61-4CA6-AE36-A55CD3596D85}.Debug|Any CPU.Build.0 = Debug|Any CPU
		{F88B874F-DD61-4CA6-AE36-A55CD3596D85}.Release|Any CPU.ActiveCfg = Release|Any CPU
		{F88B874F-DD61-4CA6-AE36-A55CD3596D85}.Release|Any CPU.Build.0 = Release|Any CPU
	EndGlobalSection
	GlobalSection(SolutionProperties) = preSolution
		HideSolutionNode = FALSE
	EndGlobalSection
	GlobalSection(ExtensibilityGlobals) = postSolution
		SolutionGuid = {0D07A6B4-DA82-4AB0-8DB8-2ED8A4756AC3}
	EndGlobalSection
EndGlobal
